PODS:
  - AeonKit (0.1.0):
    - konashi-ios-sdk
  - konashi-ios-sdk (4.1.0)

DEPENDENCIES:
  - AeonKit (from `../`)

EXTERNAL SOURCES:
  AeonKit:
    :path: "../"

SPEC CHECKSUMS:
  AeonKit: 98fc52b13c5d430b21c93315f42ecc16851913c1
  konashi-ios-sdk: dd545f091380e8adf58114bf270f24f79d8b96cc

COCOAPODS: 0.39.0
